
Microsoft Visual Studio Solution File, Format Version 12.00
# Visual Studio Version 17
VisualStudioVersion = 17.11.35312.102
MinimumVisualStudioVersion = 10.0.40219.1
Project("{9A19103F-16F7-4668-BE54-9A1E7A4F7556}") = "TelegramMiniApp", "TelegramMiniApp.csproj", "{CE1BF601-9810-4D12-AEDC-86F167B30D92}"
EndProject
Global
	GlobalSection(SolutionConfigurationPlatforms) = preSolution
		Debug|Any CPU = Debug|Any CPU
		Release|Any CPU = Release|Any CPU
	EndGlobalSection
	GlobalSection(ProjectConfigurationPlatforms) = postSolution
		{CE1BF601-9810-4D12-AEDC-86F167B30D92}.Debug|Any CPU.ActiveCfg = Debug|Any CPU
		{CE1BF601-9810-4D12-AEDC-86F167B30D92}.Debug|Any CPU.Build.0 = Debug|Any CPU
		{CE1BF601-9810-4D12-AEDC-86F167B30D92}.Release|Any CPU.ActiveCfg = Release|Any CPU
		{CE1BF601-9810-4D12-AEDC-86F167B30D92}.Release|Any CPU.Build.0 = Release|Any CPU
	EndGlobalSection
	GlobalSection(SolutionProperties) = preSolution
		HideSolutionNode = FALSE
	EndGlobalSection
	GlobalSection(ExtensibilityGlobals) = postSolution
		SolutionGuid = {567EF89E-9680-472C-8291-8C6EBB15886D}
	EndGlobalSection
EndGlobal
